
Microsoft Visual Studio Solution File, Format Version 12.00
# Visual Studio 2013
VisualStudioVersion = 12.0.30723.0
MinimumVisualStudioVersion = 10.0.40219.1
Project("{8BC9CEB8-8B4A-11D0-8D11-00A0C91BC942}") = "OpenMyTank", "OpenMyTank\OpenMyTank.vcxproj", "{EBF51026-8C88-4352-91B4-2CAC2D837292}"
EndProject
Project("{8BC9CEB8-8B4A-11D0-8D11-00A0C91BC942}") = "Uninstaller", "Uninstaller\Uninstaller.vcxproj", "{5D98390F-C212-4BEF-8265-677493DBB278}"
EndProject
Global
	GlobalSection(SolutionConfigurationPlatforms) = preSolution
		Debug|Win32 = Debug|Win32
		Release|Win32 = Release|Win32
	EndGlobalSection
	GlobalSection(ProjectConfigurationPlatforms) = postSolution
		{EBF51026-8C88-4352-91B4-2CAC2D837292}.Debug|Win32.ActiveCfg = Debug|Win32
		{EBF51026-8C88-4352-91B4-2CAC2D837292}.Debug|Win32.Build.0 = Debug|Win32
		{EBF51026-8C88-4352-91B4-2CAC2D837292}.Release|Win32.ActiveCfg = Release|Win32
		{EBF51026-8C88-4352-91B4-2CAC2D837292}.Release|Win32.Build.0 = Release|Win32
		{5D98390F-C212-4BEF-8265-677493DBB278}.Debug|Win32.ActiveCfg = Debug|Win32
		{5D98390F-C212-4BEF-8265-677493DBB278}.Debug|Win32.Build.0 = Debug|Win32
		{5D98390F-C212-4BEF-8265-677493DBB278}.Release|Win32.ActiveCfg = Release|Win32
		{5D98390F-C212-4BEF-8265-677493DBB278}.Release|Win32.Build.0 = Release|Win32
	EndGlobalSection
	GlobalSection(SolutionProperties) = preSolution
		HideSolutionNode = FALSE
	EndGlobalSection
EndGlobal
